
Microsoft Visual Studio Solution File, Format Version 12.00
# Visual Studio Version 17
VisualStudioVersion = 17.2.32519.379
MinimumVisualStudioVersion = 10.0.40219.1
Project("{2150E333-8FDC-42A3-9474-1A3956D46DE8}") = "01 - Testes de Unidade", "01 - Testes de Unidade", "{ED3F5415-9744-4730-A4A7-520498093389}"
EndProject
Project("{2150E333-8FDC-42A3-9474-1A3956D46DE8}") = "1.1 - Testes Basicos", "1.1 - Testes Basicos", "{835D3D64-0F0B-4D7F-87C5-6AE04B2635AD}"
EndProject
Project("{9A19103F-16F7-4668-BE54-9A1E7A4F7556}") = "Demo", "01 - Testes de Unidade\Demo\Demo.csproj", "{70885819-2E40-40FE-827A-CA6EC46A498C}"
EndProject
Project("{9A19103F-16F7-4668-BE54-9A1E7A4F7556}") = "Demo.Tests", "01 - Testes de Unidade\Demo.Tests\Demo.Tests.csproj", "{94790C0F-8EB5-424B-99C8-950A9F744430}"
EndProject
Project("{2150E333-8FDC-42A3-9474-1A3956D46DE8}") = "2.2 - Features", "2.2 - Features", "{0692DD5D-AC32-428D-9BA5-F8AEADC34F91}"
EndProject
Project("{9A19103F-16F7-4668-BE54-9A1E7A4F7556}") = "Features", "01 - Testes de Unidade\Features\Features.csproj", "{B2FA73AA-48DA-422D-8B41-336B504C06B8}"
EndProject
Project("{9A19103F-16F7-4668-BE54-9A1E7A4F7556}") = "Features.Tests", "01 - Testes de Unidade\Features.Tests\Features.Tests.csproj", "{EEC9733C-F5D2-4C2A-BEE5-305D12549C70}"
EndProject
Project("{2150E333-8FDC-42A3-9474-1A3956D46DE8}") = "02 - TDD", "02 - TDD", "{B629CC2F-3AD4-4E95-9CD5-3BFF33B05CED}"
EndProject
Project("{2150E333-8FDC-42A3-9474-1A3956D46DE8}") = "Tests", "Tests", "{79D34002-6D48-4D04-92DC-6FA87383B7AB}"
EndProject
Project("{FAE04EC0-301F-11D3-BF4B-00C04F79EFBC}") = "NerdStore.Vendas.Application.Tests", "02 - TDD\tests\NerdStore.Vendas.Application.Tests\NerdStore.Vendas.Application.Tests.csproj", "{6387209D-8AC9-4185-803A-C5EAB62886C3}"
EndProject
Project("{FAE04EC0-301F-11D3-BF4B-00C04F79EFBC}") = "NerdStore.Vendas.Domain.Tests", "02 - TDD\tests\NerdStore.Vendas.Domain.Tests\NerdStore.Vendas.Domain.Tests.csproj", "{F82EE1D0-9B41-49BF-A37B-9AB5E84A7726}"
EndProject
Project("{FAE04EC0-301F-11D3-BF4B-00C04F79EFBC}") = "NerdStore.Vendas.Domain", "02 - TDD\src\NerdStore.Vendas.Domain\NerdStore.Vendas.Domain.csproj", "{8CDBB1B4-7D2F-4775-B1E2-E5EA5D5EC1E9}"
EndProject
Global
	GlobalSection(SolutionConfigurationPlatforms) = preSolution
		Debug|Any CPU = Debug|Any CPU
		Release|Any CPU = Release|Any CPU
	EndGlobalSection
	GlobalSection(ProjectConfigurationPlatforms) = postSolution
		{70885819-2E40-40FE-827A-CA6EC46A498C}.Debug|Any CPU.ActiveCfg = Debug|Any CPU
		{70885819-2E40-40FE-827A-CA6EC46A498C}.Debug|Any CPU.Build.0 = Debug|Any CPU
		{70885819-2E40-40FE-827A-CA6EC46A498C}.Release|Any CPU.ActiveCfg = Release|Any CPU
		{70885819-2E40-40FE-827A-CA6EC46A498C}.Release|Any CPU.Build.0 = Release|Any CPU
		{94790C0F-8EB5-424B-99C8-950A9F744430}.Debug|Any CPU.ActiveCfg = Debug|Any CPU
		{94790C0F-8EB5-424B-99C8-950A9F744430}.Debug|Any CPU.Build.0 = Debug|Any CPU
		{94790C0F-8EB5-424B-99C8-950A9F744430}.Release|Any CPU.ActiveCfg = Release|Any CPU
		{94790C0F-8EB5-424B-99C8-950A9F744430}.Release|Any CPU.Build.0 = Release|Any CPU
		{B2FA73AA-48DA-422D-8B41-336B504C06B8}.Debug|Any CPU.ActiveCfg = Debug|Any CPU
		{B2FA73AA-48DA-422D-8B41-336B504C06B8}.Debug|Any CPU.Build.0 = Debug|Any CPU
		{B2FA73AA-48DA-422D-8B41-336B504C06B8}.Release|Any CPU.ActiveCfg = Release|Any CPU
		{B2FA73AA-48DA-422D-8B41-336B504C06B8}.Release|Any CPU.Build.0 = Release|Any CPU
		{EEC9733C-F5D2-4C2A-BEE5-305D12549C70}.Debug|Any CPU.ActiveCfg = Debug|Any CPU
		{EEC9733C-F5D2-4C2A-BEE5-305D12549C70}.Debug|Any CPU.Build.0 = Debug|Any CPU
		{EEC9733C-F5D2-4C2A-BEE5-305D12549C70}.Release|Any CPU.ActiveCfg = Release|Any CPU
		{EEC9733C-F5D2-4C2A-BEE5-305D12549C70}.Release|Any CPU.Build.0 = Release|Any CPU
		{6387209D-8AC9-4185-803A-C5EAB62886C3}.Debug|Any CPU.ActiveCfg = Debug|Any CPU
		{6387209D-8AC9-4185-803A-C5EAB62886C3}.Debug|Any CPU.Build.0 = Debug|Any CPU
		{6387209D-8AC9-4185-803A-C5EAB62886C3}.Release|Any CPU.ActiveCfg = Release|Any CPU
		{6387209D-8AC9-4185-803A-C5EAB62886C3}.Release|Any CPU.Build.0 = Release|Any CPU
		{F82EE1D0-9B41-49BF-A37B-9AB5E84A7726}.Debug|Any CPU.ActiveCfg = Debug|Any CPU
		{F82EE1D0-9B41-49BF-A37B-9AB5E84A7726}.Debug|Any CPU.Build.0 = Debug|Any CPU
		{F82EE1D0-9B41-49BF-A37B-9AB5E84A7726}.Release|Any CPU.ActiveCfg = Release|Any CPU
		{F82EE1D0-9B41-49BF-A37B-9AB5E84A7726}.Release|Any CPU.Build.0 = Release|Any CPU
		{8CDBB1B4-7D2F-4775-B1E2-E5EA5D5EC1E9}.Debug|Any CPU.ActiveCfg = Debug|Any CPU
		{8CDBB1B4-7D2F-4775-B1E2-E5EA5D5EC1E9}.Debug|Any CPU.Build.0 = Debug|Any CPU
		{8CDBB1B4-7D2F-4775-B1E2-E5EA5D5EC1E9}.Release|Any CPU.ActiveCfg = Release|Any CPU
		{8CDBB1B4-7D2F-4775-B1E2-E5EA5D5EC1E9}.Release|Any CPU.Build.0 = Release|Any CPU
	EndGlobalSection
	GlobalSection(SolutionProperties) = preSolution
		HideSolutionNode = FALSE
	EndGlobalSection
	GlobalSection(NestedProjects) = preSolution
		{835D3D64-0F0B-4D7F-87C5-6AE04B2635AD} = {ED3F5415-9744-4730-A4A7-520498093389}
		{70885819-2E40-40FE-827A-CA6EC46A498C} = {835D3D64-0F0B-4D7F-87C5-6AE04B2635AD}
		{94790C0F-8EB5-424B-99C8-950A9F744430} = {835D3D64-0F0B-4D7F-87C5-6AE04B2635AD}
		{0692DD5D-AC32-428D-9BA5-F8AEADC34F91} = {ED3F5415-9744-4730-A4A7-520498093389}
		{B2FA73AA-48DA-422D-8B41-336B504C06B8} = {0692DD5D-AC32-428D-9BA5-F8AEADC34F91}
		{EEC9733C-F5D2-4C2A-BEE5-305D12549C70} = {0692DD5D-AC32-428D-9BA5-F8AEADC34F91}
		{79D34002-6D48-4D04-92DC-6FA87383B7AB} = {B629CC2F-3AD4-4E95-9CD5-3BFF33B05CED}
		{6387209D-8AC9-4185-803A-C5EAB62886C3} = {79D34002-6D48-4D04-92DC-6FA87383B7AB}
		{F82EE1D0-9B41-49BF-A37B-9AB5E84A7726} = {79D34002-6D48-4D04-92DC-6FA87383B7AB}
		{8CDBB1B4-7D2F-4775-B1E2-E5EA5D5EC1E9} = {B629CC2F-3AD4-4E95-9CD5-3BFF33B05CED}
	EndGlobalSection
	GlobalSection(ExtensibilityGlobals) = postSolution
		SolutionGuid = {55F0BEBB-17E8-4577-BAF4-250FD359DE40}
	EndGlobalSection
EndGlobal
