
Microsoft Visual Studio Solution File, Format Version 12.00
# Visual Studio Version 17
VisualStudioVersion = 17.2.32519.379
MinimumVisualStudioVersion = 10.0.40219.1
Project("{2150E333-8FDC-42A3-9474-1A3956D46DE8}") = "01 - Testes de Unidade", "01 - Testes de Unidade", "{ED3F5415-9744-4730-A4A7-520498093389}"
EndProject
Project("{2150E333-8FDC-42A3-9474-1A3956D46DE8}") = "1.1 - Testes Basicos", "1.1 - Testes Basicos", "{835D3D64-0F0B-4D7F-87C5-6AE04B2635AD}"
EndProject
Project("{9A19103F-16F7-4668-BE54-9A1E7A4F7556}") = "Demo", "01 - Testes de Unidade\Demo\Demo.csproj", "{70885819-2E40-40FE-827A-CA6EC46A498C}"
EndProject
Project("{9A19103F-16F7-4668-BE54-9A1E7A4F7556}") = "Demo.Tests", "01 - Testes de Unidade\Demo.Tests\Demo.Tests.csproj", "{94790C0F-8EB5-424B-99C8-950A9F744430}"
EndProject
Project("{2150E333-8FDC-42A3-9474-1A3956D46DE8}") = "2.2 - Features", "2.2 - Features", "{0692DD5D-AC32-428D-9BA5-F8AEADC34F91}"
EndProject
Project("{9A19103F-16F7-4668-BE54-9A1E7A4F7556}") = "Features", "01 - Testes de Unidade\Features\Features.csproj", "{B2FA73AA-48DA-422D-8B41-336B504C06B8}"
EndProject
Project("{9A19103F-16F7-4668-BE54-9A1E7A4F7556}") = "Features.Tests", "01 - Testes de Unidade\Features.Tests\Features.Tests.csproj", "{EEC9733C-F5D2-4C2A-BEE5-305D12549C70}"
EndProject
Project("{2150E333-8FDC-42A3-9474-1A3956D46DE8}") = "02 - TDD", "02 - TDD", "{B629CC2F-3AD4-4E95-9CD5-3BFF33B05CED}"
EndProject
Project("{2150E333-8FDC-42A3-9474-1A3956D46DE8}") = "Tests", "Tests", "{79D34002-6D48-4D04-92DC-6FA87383B7AB}"
EndProject
Project("{9A19103F-16F7-4668-BE54-9A1E7A4F7556}") = "NerdStore.Vendas.Application.Tests", "02 - TDD\tests\NerdStore.Vendas.Application.Tests\NerdStore.Vendas.Application.Tests.csproj", "{6387209D-8AC9-4185-803A-C5EAB62886C3}"
EndProject
Project("{9A19103F-16F7-4668-BE54-9A1E7A4F7556}") = "NerdStore.Vendas.Domain.Tests", "02 - TDD\tests\NerdStore.Vendas.Domain.Tests\NerdStore.Vendas.Domain.Tests.csproj", "{F82EE1D0-9B41-49BF-A37B-9AB5E84A7726}"
EndProject
Project("{9A19103F-16F7-4668-BE54-9A1E7A4F7556}") = "NerdStore.Vendas.Domain", "02 - TDD\src\NerdStore.Vendas.Domain\NerdStore.Vendas.Domain.csproj", "{8CDBB1B4-7D2F-4775-B1E2-E5EA5D5EC1E9}"
EndProject
Project("{9A19103F-16F7-4668-BE54-9A1E7A4F7556}") = "NerdStore.Core", "02 - TDD\src\NerdStore.Core\NerdStore.Core.csproj", "{02DDE376-B6D7-49B7-BB2B-3495A25E888E}"
EndProject
Project("{9A19103F-16F7-4668-BE54-9A1E7A4F7556}") = "NerdStore.Vendas.Application", "02 - TDD\src\NerdStore.Vendas.Application\NerdStore.Vendas.Application.csproj", "{4867C29E-7213-4013-B826-16C6C8197D06}"
EndProject
Project("{9A19103F-16F7-4668-BE54-9A1E7A4F7556}") = "NerdStore.Vendas.Data", "02 - TDD\src\NerdStore.Vendas.Data\NerdStore.Vendas.Data.csproj", "{80AB4F66-8B8D-400A-BF57-70C56330B44C}"
EndProject
Project("{2150E333-8FDC-42A3-9474-1A3956D46DE8}") = "03 - Testes de Integração", "03 - Testes de Integração", "{65846049-C490-49F1-A2BB-959F89F9C121}"
EndProject
Project("{2150E333-8FDC-42A3-9474-1A3956D46DE8}") = "Integration Tests", "Integration Tests", "{F751DE1C-6830-42C1-BA59-B9DA4259C733}"
EndProject
Project("{9A19103F-16F7-4668-BE54-9A1E7A4F7556}") = "NerdStore.Catalogo.Application", "03 - Testes de Integracao\src\NerdStore.Catalogo.Application\NerdStore.Catalogo.Application.csproj", "{BE954421-960D-4156-9A43-46891F9FC14D}"
EndProject
Project("{9A19103F-16F7-4668-BE54-9A1E7A4F7556}") = "NerdStore.Catalogo.Data", "03 - Testes de Integracao\src\NerdStore.Catalogo.Data\NerdStore.Catalogo.Data.csproj", "{93887F87-4D5F-4229-89CA-05AE3BAAD1A2}"
EndProject
Project("{9A19103F-16F7-4668-BE54-9A1E7A4F7556}") = "NerdStore.Catalogo.Domain", "03 - Testes de Integracao\src\NerdStore.Catalogo.Domain\NerdStore.Catalogo.Domain.csproj", "{39EB3253-09AA-44FF-8FAF-3A4742152416}"
EndProject
Project("{FAE04EC0-301F-11D3-BF4B-00C04F79EFBC}") = "NerdStore.WebApp.MVC", "03 - Testes de Integracao\src\NerdStore.WebApp.MVC\NerdStore.WebApp.MVC.csproj", "{91B67701-E5AB-4082-AC4F-3B230D6B98E6}"
EndProject
Project("{FAE04EC0-301F-11D3-BF4B-00C04F79EFBC}") = "NerdStore.WebApp.MVC", "03 - Testes de Integracao\tests\NerdStore.WebApp.MVC\NerdStore.WebApp.MVC.csproj", "{C63E627C-644E-4835-93E9-53AFD3771701}"
EndProject
Global
	GlobalSection(SolutionConfigurationPlatforms) = preSolution
		Debug|Any CPU = Debug|Any CPU
		Release|Any CPU = Release|Any CPU
	EndGlobalSection
	GlobalSection(ProjectConfigurationPlatforms) = postSolution
		{70885819-2E40-40FE-827A-CA6EC46A498C}.Debug|Any CPU.ActiveCfg = Debug|Any CPU
		{70885819-2E40-40FE-827A-CA6EC46A498C}.Debug|Any CPU.Build.0 = Debug|Any CPU
		{70885819-2E40-40FE-827A-CA6EC46A498C}.Release|Any CPU.ActiveCfg = Release|Any CPU
		{70885819-2E40-40FE-827A-CA6EC46A498C}.Release|Any CPU.Build.0 = Release|Any CPU
		{94790C0F-8EB5-424B-99C8-950A9F744430}.Debug|Any CPU.ActiveCfg = Debug|Any CPU
		{94790C0F-8EB5-424B-99C8-950A9F744430}.Debug|Any CPU.Build.0 = Debug|Any CPU
		{94790C0F-8EB5-424B-99C8-950A9F744430}.Release|Any CPU.ActiveCfg = Release|Any CPU
		{94790C0F-8EB5-424B-99C8-950A9F744430}.Release|Any CPU.Build.0 = Release|Any CPU
		{B2FA73AA-48DA-422D-8B41-336B504C06B8}.Debug|Any CPU.ActiveCfg = Debug|Any CPU
		{B2FA73AA-48DA-422D-8B41-336B504C06B8}.Debug|Any CPU.Build.0 = Debug|Any CPU
		{B2FA73AA-48DA-422D-8B41-336B504C06B8}.Release|Any CPU.ActiveCfg = Release|Any CPU
		{B2FA73AA-48DA-422D-8B41-336B504C06B8}.Release|Any CPU.Build.0 = Release|Any CPU
		{EEC9733C-F5D2-4C2A-BEE5-305D12549C70}.Debug|Any CPU.ActiveCfg = Debug|Any CPU
		{EEC9733C-F5D2-4C2A-BEE5-305D12549C70}.Debug|Any CPU.Build.0 = Debug|Any CPU
		{EEC9733C-F5D2-4C2A-BEE5-305D12549C70}.Release|Any CPU.ActiveCfg = Release|Any CPU
		{EEC9733C-F5D2-4C2A-BEE5-305D12549C70}.Release|Any CPU.Build.0 = Release|Any CPU
		{6387209D-8AC9-4185-803A-C5EAB62886C3}.Debug|Any CPU.ActiveCfg = Debug|Any CPU
		{6387209D-8AC9-4185-803A-C5EAB62886C3}.Debug|Any CPU.Build.0 = Debug|Any CPU
		{6387209D-8AC9-4185-803A-C5EAB62886C3}.Release|Any CPU.ActiveCfg = Release|Any CPU
		{6387209D-8AC9-4185-803A-C5EAB62886C3}.Release|Any CPU.Build.0 = Release|Any CPU
		{F82EE1D0-9B41-49BF-A37B-9AB5E84A7726}.Debug|Any CPU.ActiveCfg = Debug|Any CPU
		{F82EE1D0-9B41-49BF-A37B-9AB5E84A7726}.Debug|Any CPU.Build.0 = Debug|Any CPU
		{F82EE1D0-9B41-49BF-A37B-9AB5E84A7726}.Release|Any CPU.ActiveCfg = Release|Any CPU
		{F82EE1D0-9B41-49BF-A37B-9AB5E84A7726}.Release|Any CPU.Build.0 = Release|Any CPU
		{8CDBB1B4-7D2F-4775-B1E2-E5EA5D5EC1E9}.Debug|Any CPU.ActiveCfg = Debug|Any CPU
		{8CDBB1B4-7D2F-4775-B1E2-E5EA5D5EC1E9}.Debug|Any CPU.Build.0 = Debug|Any CPU
		{8CDBB1B4-7D2F-4775-B1E2-E5EA5D5EC1E9}.Release|Any CPU.ActiveCfg = Release|Any CPU
		{8CDBB1B4-7D2F-4775-B1E2-E5EA5D5EC1E9}.Release|Any CPU.Build.0 = Release|Any CPU
		{02DDE376-B6D7-49B7-BB2B-3495A25E888E}.Debug|Any CPU.ActiveCfg = Debug|Any CPU
		{02DDE376-B6D7-49B7-BB2B-3495A25E888E}.Debug|Any CPU.Build.0 = Debug|Any CPU
		{02DDE376-B6D7-49B7-BB2B-3495A25E888E}.Release|Any CPU.ActiveCfg = Release|Any CPU
		{02DDE376-B6D7-49B7-BB2B-3495A25E888E}.Release|Any CPU.Build.0 = Release|Any CPU
		{4867C29E-7213-4013-B826-16C6C8197D06}.Debug|Any CPU.ActiveCfg = Debug|Any CPU
		{4867C29E-7213-4013-B826-16C6C8197D06}.Debug|Any CPU.Build.0 = Debug|Any CPU
		{4867C29E-7213-4013-B826-16C6C8197D06}.Release|Any CPU.ActiveCfg = Release|Any CPU
		{4867C29E-7213-4013-B826-16C6C8197D06}.Release|Any CPU.Build.0 = Release|Any CPU
		{80AB4F66-8B8D-400A-BF57-70C56330B44C}.Debug|Any CPU.ActiveCfg = Debug|Any CPU
		{80AB4F66-8B8D-400A-BF57-70C56330B44C}.Debug|Any CPU.Build.0 = Debug|Any CPU
		{80AB4F66-8B8D-400A-BF57-70C56330B44C}.Release|Any CPU.ActiveCfg = Release|Any CPU
		{80AB4F66-8B8D-400A-BF57-70C56330B44C}.Release|Any CPU.Build.0 = Release|Any CPU
		{BE954421-960D-4156-9A43-46891F9FC14D}.Debug|Any CPU.ActiveCfg = Debug|Any CPU
		{BE954421-960D-4156-9A43-46891F9FC14D}.Debug|Any CPU.Build.0 = Debug|Any CPU
		{BE954421-960D-4156-9A43-46891F9FC14D}.Release|Any CPU.ActiveCfg = Release|Any CPU
		{BE954421-960D-4156-9A43-46891F9FC14D}.Release|Any CPU.Build.0 = Release|Any CPU
		{93887F87-4D5F-4229-89CA-05AE3BAAD1A2}.Debug|Any CPU.ActiveCfg = Debug|Any CPU
		{93887F87-4D5F-4229-89CA-05AE3BAAD1A2}.Debug|Any CPU.Build.0 = Debug|Any CPU
		{93887F87-4D5F-4229-89CA-05AE3BAAD1A2}.Release|Any CPU.ActiveCfg = Release|Any CPU
		{93887F87-4D5F-4229-89CA-05AE3BAAD1A2}.Release|Any CPU.Build.0 = Release|Any CPU
		{39EB3253-09AA-44FF-8FAF-3A4742152416}.Debug|Any CPU.ActiveCfg = Debug|Any CPU
		{39EB3253-09AA-44FF-8FAF-3A4742152416}.Debug|Any CPU.Build.0 = Debug|Any CPU
		{39EB3253-09AA-44FF-8FAF-3A4742152416}.Release|Any CPU.ActiveCfg = Release|Any CPU
		{39EB3253-09AA-44FF-8FAF-3A4742152416}.Release|Any CPU.Build.0 = Release|Any CPU
		{91B67701-E5AB-4082-AC4F-3B230D6B98E6}.Debug|Any CPU.ActiveCfg = Debug|Any CPU
		{91B67701-E5AB-4082-AC4F-3B230D6B98E6}.Debug|Any CPU.Build.0 = Debug|Any CPU
		{91B67701-E5AB-4082-AC4F-3B230D6B98E6}.Release|Any CPU.ActiveCfg = Release|Any CPU
		{91B67701-E5AB-4082-AC4F-3B230D6B98E6}.Release|Any CPU.Build.0 = Release|Any CPU
		{C63E627C-644E-4835-93E9-53AFD3771701}.Debug|Any CPU.ActiveCfg = Debug|Any CPU
		{C63E627C-644E-4835-93E9-53AFD3771701}.Debug|Any CPU.Build.0 = Debug|Any CPU
		{C63E627C-644E-4835-93E9-53AFD3771701}.Release|Any CPU.ActiveCfg = Release|Any CPU
		{C63E627C-644E-4835-93E9-53AFD3771701}.Release|Any CPU.Build.0 = Release|Any CPU
	EndGlobalSection
	GlobalSection(SolutionProperties) = preSolution
		HideSolutionNode = FALSE
	EndGlobalSection
	GlobalSection(NestedProjects) = preSolution
		{835D3D64-0F0B-4D7F-87C5-6AE04B2635AD} = {ED3F5415-9744-4730-A4A7-520498093389}
		{70885819-2E40-40FE-827A-CA6EC46A498C} = {835D3D64-0F0B-4D7F-87C5-6AE04B2635AD}
		{94790C0F-8EB5-424B-99C8-950A9F744430} = {835D3D64-0F0B-4D7F-87C5-6AE04B2635AD}
		{0692DD5D-AC32-428D-9BA5-F8AEADC34F91} = {ED3F5415-9744-4730-A4A7-520498093389}
		{B2FA73AA-48DA-422D-8B41-336B504C06B8} = {0692DD5D-AC32-428D-9BA5-F8AEADC34F91}
		{EEC9733C-F5D2-4C2A-BEE5-305D12549C70} = {0692DD5D-AC32-428D-9BA5-F8AEADC34F91}
		{79D34002-6D48-4D04-92DC-6FA87383B7AB} = {B629CC2F-3AD4-4E95-9CD5-3BFF33B05CED}
		{6387209D-8AC9-4185-803A-C5EAB62886C3} = {79D34002-6D48-4D04-92DC-6FA87383B7AB}
		{F82EE1D0-9B41-49BF-A37B-9AB5E84A7726} = {79D34002-6D48-4D04-92DC-6FA87383B7AB}
		{8CDBB1B4-7D2F-4775-B1E2-E5EA5D5EC1E9} = {B629CC2F-3AD4-4E95-9CD5-3BFF33B05CED}
		{02DDE376-B6D7-49B7-BB2B-3495A25E888E} = {B629CC2F-3AD4-4E95-9CD5-3BFF33B05CED}
		{4867C29E-7213-4013-B826-16C6C8197D06} = {B629CC2F-3AD4-4E95-9CD5-3BFF33B05CED}
		{80AB4F66-8B8D-400A-BF57-70C56330B44C} = {B629CC2F-3AD4-4E95-9CD5-3BFF33B05CED}
		{F751DE1C-6830-42C1-BA59-B9DA4259C733} = {65846049-C490-49F1-A2BB-959F89F9C121}
		{BE954421-960D-4156-9A43-46891F9FC14D} = {65846049-C490-49F1-A2BB-959F89F9C121}
		{93887F87-4D5F-4229-89CA-05AE3BAAD1A2} = {65846049-C490-49F1-A2BB-959F89F9C121}
		{39EB3253-09AA-44FF-8FAF-3A4742152416} = {65846049-C490-49F1-A2BB-959F89F9C121}
		{91B67701-E5AB-4082-AC4F-3B230D6B98E6} = {65846049-C490-49F1-A2BB-959F89F9C121}
		{C63E627C-644E-4835-93E9-53AFD3771701} = {F751DE1C-6830-42C1-BA59-B9DA4259C733}
	EndGlobalSection
	GlobalSection(ExtensibilityGlobals) = postSolution
		SolutionGuid = {55F0BEBB-17E8-4577-BAF4-250FD359DE40}
	EndGlobalSection
EndGlobal
